
Microsoft Visual Studio Solution File, Format Version 12.00
# Visual Studio 14
VisualStudioVersion = 14.0.25420.1
MinimumVisualStudioVersion = 10.0.40219.1
Project("{FAE04EC0-301F-11D3-BF4B-00C04F79EFBC}") = "Projekt_AC", "Projekt_AC\Projekt_AC.csproj", "{C547C278-C7DA-40B5-8B26-856F51E1DCBC}"
EndProject
Global
	GlobalSection(SolutionConfigurationPlatforms) = preSolution
		Debug|Any CPU = Debug|Any CPU
		Release|Any CPU = Release|Any CPU
	EndGlobalSection
	GlobalSection(ProjectConfigurationPlatforms) = postSolution
		{C547C278-C7DA-40B5-8B26-856F51E1DCBC}.Debug|Any CPU.ActiveCfg = Debug|Any CPU
		{C547C278-C7DA-40B5-8B26-856F51E1DCBC}.Debug|Any CPU.Build.0 = Debug|Any CPU
		{C547C278-C7DA-40B5-8B26-856F51E1DCBC}.Release|Any CPU.ActiveCfg = Release|Any CPU
		{C547C278-C7DA-40B5-8B26-856F51E1DCBC}.Release|Any CPU.Build.0 = Release|Any CPU
	EndGlobalSection
	GlobalSection(SolutionProperties) = preSolution
		HideSolutionNode = FALSE
	EndGlobalSection
EndGlobal
